
Microsoft Visual Studio Solution File, Format Version 12.00
# Visual Studio 15
VisualStudioVersion = 15.0.27703.2035
MinimumVisualStudioVersion = 10.0.40219.1
Project("{FAE04EC0-301F-11D3-BF4B-00C04F79EFBC}") = "SimpleMvvmWpfLib", "SimpleMvvmWpfLib\SimpleMvvmWpfLib.csproj", "{76AFC7CA-062F-4EFA-AF61-388D38934844}"
EndProject
Project("{FAE04EC0-301F-11D3-BF4B-00C04F79EFBC}") = "TestApp", "TestApp\TestApp.csproj", "{4BDF7E63-65D2-4144-BADC-658B2EB667ED}"
EndProject
Global
	GlobalSection(SolutionConfigurationPlatforms) = preSolution
		Debug|Any CPU = Debug|Any CPU
		Release|Any CPU = Release|Any CPU
	EndGlobalSection
	GlobalSection(ProjectConfigurationPlatforms) = postSolution
		{76AFC7CA-062F-4EFA-AF61-388D38934844}.Debug|Any CPU.ActiveCfg = Debug|Any CPU
		{76AFC7CA-062F-4EFA-AF61-388D38934844}.Debug|Any CPU.Build.0 = Debug|Any CPU
		{76AFC7CA-062F-4EFA-AF61-388D38934844}.Release|Any CPU.ActiveCfg = Release|Any CPU
		{76AFC7CA-062F-4EFA-AF61-388D38934844}.Release|Any CPU.Build.0 = Release|Any CPU
		{4BDF7E63-65D2-4144-BADC-658B2EB667ED}.Debug|Any CPU.ActiveCfg = Debug|Any CPU
		{4BDF7E63-65D2-4144-BADC-658B2EB667ED}.Debug|Any CPU.Build.0 = Debug|Any CPU
		{4BDF7E63-65D2-4144-BADC-658B2EB667ED}.Release|Any CPU.ActiveCfg = Release|Any CPU
		{4BDF7E63-65D2-4144-BADC-658B2EB667ED}.Release|Any CPU.Build.0 = Release|Any CPU
	EndGlobalSection
	GlobalSection(SolutionProperties) = preSolution
		HideSolutionNode = FALSE
	EndGlobalSection
	GlobalSection(ExtensibilityGlobals) = postSolution
		SolutionGuid = {489DDB00-A682-4E02-A7EB-A591CF19E04F}
	EndGlobalSection
EndGlobal
